{
  "name": "redage_v2",
  "version": "1.0.0",
  "lockfileVersion": 1,
  "requires": true,
  "dependencies": {
    "@types/ragemp-c": {
      "version": "github:CocaColaBear/types-ragemp-c#12a2c2d39d5114076b60c32b99ac0d80e3b05677",
      "from": "github:CocaColaBear/types-ragemp-c#v1.0",
      "dev": true
    }
  }
}
