
Microsoft Visual Studio Solution File, Format Version 12.00
# Visual Studio Version 16
VisualStudioVersion = 16.0.30711.63
MinimumVisualStudioVersion = 10.0.40219.1
Project("{9A19103F-16F7-4668-BE54-9A1E7A4F7556}") = "client", "client\client.csproj", "{44B3D359-A1D8-4227-95C8-07DB6B9CFE16}"
EndProject
Project("{9A19103F-16F7-4668-BE54-9A1E7A4F7556}") = "server", "server\server.csproj", "{907BBE16-3921-44B2-B549-605207792E35}"
EndProject
Global
	GlobalSection(SolutionConfigurationPlatforms) = preSolution
		Debug|x64 = Debug|x64
		Release|x64 = Release|x64
	EndGlobalSection
	GlobalSection(ProjectConfigurationPlatforms) = postSolution
		{44B3D359-A1D8-4227-95C8-07DB6B9CFE16}.Debug|x64.ActiveCfg = Debug|x64
		{44B3D359-A1D8-4227-95C8-07DB6B9CFE16}.Debug|x64.Build.0 = Debug|x64
		{44B3D359-A1D8-4227-95C8-07DB6B9CFE16}.Release|x64.ActiveCfg = Release|Any CPU
		{44B3D359-A1D8-4227-95C8-07DB6B9CFE16}.Release|x64.Build.0 = Release|Any CPU
		{907BBE16-3921-44B2-B549-605207792E35}.Debug|x64.ActiveCfg = Debug|x64
		{907BBE16-3921-44B2-B549-605207792E35}.Debug|x64.Build.0 = Debug|x64
		{907BBE16-3921-44B2-B549-605207792E35}.Release|x64.ActiveCfg = Release|x64
		{907BBE16-3921-44B2-B549-605207792E35}.Release|x64.Build.0 = Release|x64
	EndGlobalSection
	GlobalSection(SolutionProperties) = preSolution
		HideSolutionNode = FALSE
	EndGlobalSection
	GlobalSection(ExtensibilityGlobals) = postSolution
		SolutionGuid = {ABA24FF7-D97F-4636-9D38-8380F2523EA1}
	EndGlobalSection
EndGlobal
